Microsoft Visual Studio Solution File, Format Version 12.00
# Visual Studio Version 17
VisualStudioVersion = 17.5.2.0
MinimumVisualStudioVersion = 10.0.40219.1
Project("{FAE04EC0-301F-11D3-BF4B-00C04F79EFBC}") = "Foundation2", "Foundation2.csproj", "{EE6A6A59-E123-0ED5-4485-ED5C0700B10E}"
EndProject
Global
	GlobalSection(SolutionConfigurationPlatforms) = preSolution
		Debug|Any CPU = Debug|Any CPU
		Release|Any CPU = Release|Any CPU
	EndGlobalSection
	GlobalSection(ProjectConfigurationPlatforms) = postSolution
		{EE6A6A59-E123-0ED5-4485-ED5C0700B10E}.Debug|Any CPU.ActiveCfg = Debug|Any CPU
		{EE6A6A59-E123-0ED5-4485-ED5C0700B10E}.Debug|Any CPU.Build.0 = Debug|Any CPU
		{EE6A6A59-E123-0ED5-4485-ED5C0700B10E}.Release|Any CPU.ActiveCfg = Release|Any CPU
		{EE6A6A59-E123-0ED5-4485-ED5C0700B10E}.Release|Any CPU.Build.0 = Release|Any CPU
	EndGlobalSection
	GlobalSection(SolutionProperties) = preSolution
		HideSolutionNode = FALSE
	EndGlobalSection
	GlobalSection(ExtensibilityGlobals) = postSolution
		SolutionGuid = {29F3A1DB-5E29-41E4-9AF9-C50E614D02D9}
	EndGlobalSection
EndGlobal
