Microsoft Visual Studio Solution File, Format Version 12.00
# Visual Studio Version 17
VisualStudioVersion = 17.5.2.0
MinimumVisualStudioVersion = 10.0.40219.1
Project("{FAE04EC0-301F-11D3-BF4B-00C04F79EFBC}") = "Learning04", "Learning04.csproj", "{B0429B84-4DA6-AE0D-63D1-2A219BB2D67F}"
EndProject
Global
	GlobalSection(SolutionConfigurationPlatforms) = preSolution
		Debug|Any CPU = Debug|Any CPU
		Release|Any CPU = Release|Any CPU
	EndGlobalSection
	GlobalSection(ProjectConfigurationPlatforms) = postSolution
		{B0429B84-4DA6-AE0D-63D1-2A219BB2D67F}.Debug|Any CPU.ActiveCfg = Debug|Any CPU
		{B0429B84-4DA6-AE0D-63D1-2A219BB2D67F}.Debug|Any CPU.Build.0 = Debug|Any CPU
		{B0429B84-4DA6-AE0D-63D1-2A219BB2D67F}.Release|Any CPU.ActiveCfg = Release|Any CPU
		{B0429B84-4DA6-AE0D-63D1-2A219BB2D67F}.Release|Any CPU.Build.0 = Release|Any CPU
	EndGlobalSection
	GlobalSection(SolutionProperties) = preSolution
		HideSolutionNode = FALSE
	EndGlobalSection
	GlobalSection(ExtensibilityGlobals) = postSolution
		SolutionGuid = {8EDD10CA-759F-4349-B21F-B6904B76E4E5}
	EndGlobalSection
EndGlobal
